
Microsoft Visual Studio Solution File, Format Version 12.00
# Visual Studio Version 17
VisualStudioVersion = 17.5.33516.290
MinimumVisualStudioVersion = 10.0.40219.1
Project("{FAE04EC0-301F-11D3-BF4B-00C04F79EFBC}") = "RestAspNet", "RestAspNet\RestAspNet.csproj", "{08217DD0-D4A2-4E62-91A1-3E15772B5FF1}"
EndProject
Global
	GlobalSection(SolutionConfigurationPlatforms) = preSolution
		Debug|Any CPU = Debug|Any CPU
		Release|Any CPU = Release|Any CPU
	EndGlobalSection
	GlobalSection(ProjectConfigurationPlatforms) = postSolution
		{08217DD0-D4A2-4E62-91A1-3E15772B5FF1}.Debug|Any CPU.ActiveCfg = Debug|Any CPU
		{08217DD0-D4A2-4E62-91A1-3E15772B5FF1}.Debug|Any CPU.Build.0 = Debug|Any CPU
		{08217DD0-D4A2-4E62-91A1-3E15772B5FF1}.Release|Any CPU.ActiveCfg = Release|Any CPU
		{08217DD0-D4A2-4E62-91A1-3E15772B5FF1}.Release|Any CPU.Build.0 = Release|Any CPU
	EndGlobalSection
	GlobalSection(SolutionProperties) = preSolution
		HideSolutionNode = FALSE
	EndGlobalSection
	GlobalSection(ExtensibilityGlobals) = postSolution
		SolutionGuid = {60F5D1AB-7EF3-4495-95A7-5A25907080CA}
	EndGlobalSection
EndGlobal
